// !$*UTF8*$!
{
	archiveVersion = 1;
	classes = {
	};
	objectVersion = 52;
	objects = {

/* Begin PBXBuildFile section */
		B041A82D264BB8C000D83377 /* TreeDemoApp.swift in Sources */ = {isa = PBXBuildFile; fileRef = B041A82C264BB8C000D83377 /* TreeDemoApp.swift */; };
		B041A82F264BB8C000D83377 /* ContentView.swift in Sources */ = {isa = PBXBuildFile; fileRef = B041A82E264BB8C000D83377 /* ContentView.swift */; };
		B041A831264BB8C200D83377 /* Assets.xcassets in Resources */ = {isa = PBXBuildFile; fileRef = B041A830264BB8C200D83377 /* Assets.xcassets */; };
		B041A834264BB8C200D83377 /* Preview Assets.xcassets in Resources */ = {isa = PBXBuildFile; fileRef = B041A833264BB8C200D83377 /* Preview Assets.xcassets */; };
		B041A83D264BBF8900D83377 /* ViewWrapper.swift in Sources */ = {isa = PBXBuildFile; fileRef = B041A83C264BBF8900D83377 /* ViewWrapper.swift */; };
		B041A840264BBFC200D83377 /* FolderListViewController.swift in Sources */ = {isa = PBXBuildFile; fileRef = B041A83F264BBFC200D83377 /* FolderListViewController.swift */; };
		B041A843264BBFE100D83377 /* Tree in Frameworks */ = {isa = PBXBuildFile; productRef = B041A842264BBFE100D83377 /* Tree */; };
		B041A846264BC0A900D83377 /* RLayoutKit in Frameworks */ = {isa = PBXBuildFile; productRef = B041A845264BC0A900D83377 /* RLayoutKit */; };
/* End PBXBuildFile section */

/* Begin PBXFileReference section */
		B041A829264BB8C000D83377 /* TreeDemo.app */ = {isa = PBXFileReference; explicitFileType = wrapper.application; includeInIndex = 0; path = TreeDemo.app; sourceTree = BUILT_PRODUCTS_DIR; };
		B041A82C264BB8C000D83377 /* TreeDemoApp.swift */ = {isa = PBXFileReference; lastKnownFileType = sourcecode.swift; path = TreeDemoApp.swift; sourceTree = "<group>"; };
		B041A82E264BB8C000D83377 /* ContentView.swift */ = {isa = PBXFileReference; lastKnownFileType = sourcecode.swift; path = ContentView.swift; sourceTree = "<group>"; };
		B041A830264BB8C200D83377 /* Assets.xcassets */ = {isa = PBXFileReference; lastKnownFileType = folder.assetcatalog; path = Assets.xcassets; sourceTree = "<group>"; };
		B041A833264BB8C200D83377 /* Preview Assets.xcassets */ = {isa = PBXFileReference; lastKnownFileType = folder.assetcatalog; path = "Preview Assets.xcassets"; sourceTree = "<group>"; };
		B041A835264BB8C200D83377 /* Info.plist */ = {isa = PBXFileReference; lastKnownFileType = text.plist.xml; path = Info.plist; sourceTree = "<group>"; };
		B041A83C264BBF8900D83377 /* ViewWrapper.swift */ = {isa = PBXFileReference; lastKnownFileType = sourcecode.swift; path = ViewWrapper.swift; sourceTree = "<group>"; };
		B041A83F264BBFC200D83377 /* FolderListViewController.swift */ = {isa = PBXFileReference; lastKnownFileType = sourcecode.swift; path = FolderListViewController.swift; sourceTree = "<group>"; };
/* End PBXFileReference section */

/* Begin PBXFrameworksBuildPhase section */
		B041A826264BB8C000D83377 /* Frameworks */ = {
			isa = PBXFrameworksBuildPhase;
			buildActionMask = 2147483647;
			files = (
				B041A846264BC0A900D83377 /* RLayoutKit in Frameworks */,
				B041A843264BBFE100D83377 /* Tree in Frameworks */,
			);
			runOnlyForDeploymentPostprocessing = 0;
		};
/* End PBXFrameworksBuildPhase section */

/* Begin PBXGroup section */
		B041A820264BB8C000D83377 = {
			isa = PBXGroup;
			children = (
				B041A82B264BB8C000D83377 /* TreeDemo */,
				B041A82A264BB8C000D83377 /* Products */,
				B041A841264BBFE100D83377 /* Frameworks */,
			);
			sourceTree = "<group>";
		};
		B041A82A264BB8C000D83377 /* Products */ = {
			isa = PBXGroup;
			children = (
				B041A829264BB8C000D83377 /* TreeDemo.app */,
			);
			name = Products;
			sourceTree = "<group>";
		};
		B041A82B264BB8C000D83377 /* TreeDemo */ = {
			isa = PBXGroup;
			children = (
				B041A83E264BBFA100D83377 /* FolderList */,
				B041A83B264BB92600D83377 /* Common */,
				B041A82C264BB8C000D83377 /* TreeDemoApp.swift */,
				B041A82E264BB8C000D83377 /* ContentView.swift */,
				B041A830264BB8C200D83377 /* Assets.xcassets */,
				B041A835264BB8C200D83377 /* Info.plist */,
				B041A832264BB8C200D83377 /* Preview Content */,
			);
			path = TreeDemo;
			sourceTree = "<group>";
		};
		B041A832264BB8C200D83377 /* Preview Content */ = {
			isa = PBXGroup;
			children = (
				B041A833264BB8C200D83377 /* Preview Assets.xcassets */,
			);
			path = "Preview Content";
			sourceTree = "<group>";
		};
		B041A83B264BB92600D83377 /* Common */ = {
			isa = PBXGroup;
			children = (
				B041A83C264BBF8900D83377 /* ViewWrapper.swift */,
			);
			path = Common;
			sourceTree = "<group>";
		};
		B041A83E264BBFA100D83377 /* FolderList */ = {
			isa = PBXGroup;
			children = (
				B041A83F264BBFC200D83377 /* FolderListViewController.swift */,
			);
			path = FolderList;
			sourceTree = "<group>";
		};
		B041A841264BBFE100D83377 /* Frameworks */ = {
			isa = PBXGroup;
			children = (
			);
			name = Frameworks;
			sourceTree = "<group>";
		};
/* End PBXGroup section */

/* Begin PBXNativeTarget section */
		B041A828264BB8C000D83377 /* TreeDemo */ = {
			isa = PBXNativeTarget;
			buildConfigurationList = B041A838264BB8C200D83377 /* Build configuration list for PBXNativeTarget "TreeDemo" */;
			buildPhases = (
				B041A825264BB8C000D83377 /* Sources */,
				B041A826264BB8C000D83377 /* Frameworks */,
				B041A827264BB8C000D83377 /* Resources */,
			);
			buildRules = (
			);
			dependencies = (
			);
			name = TreeDemo;
			packageProductDependencies = (
				B041A842264BBFE100D83377 /* Tree */,
				B041A845264BC0A900D83377 /* RLayoutKit */,
			);
			productName = TreeDemo;
			productReference = B041A829264BB8C000D83377 /* TreeDemo.app */;
			productType = "com.apple.product-type.application";
		};
/* End PBXNativeTarget section */

/* Begin PBXProject section */
		B041A821264BB8C000D83377 /* Project object */ = {
			isa = PBXProject;
			attributes = {
				LastSwiftUpdateCheck = 1250;
				LastUpgradeCheck = 1250;
				TargetAttributes = {
					B041A828264BB8C000D83377 = {
						CreatedOnToolsVersion = 12.5;
					};
				};
			};
			buildConfigurationList = B041A824264BB8C000D83377 /* Build configuration list for PBXProject "TreeDemo" */;
			compatibilityVersion = "Xcode 9.3";
			developmentRegion = en;
			hasScannedForEncodings = 0;
			knownRegions = (
				en,
				Base,
			);
			mainGroup = B041A820264BB8C000D83377;
			packageReferences = (
				B041A844264BC0A900D83377 /* XCRemoteSwiftPackageReference "RLayoutKit" */,
			);
			productRefGroup = B041A82A264BB8C000D83377 /* Products */;
			projectDirPath = "";
			projectRoot = "";
			targets = (
				B041A828264BB8C000D83377 /* TreeDemo */,
			);
		};
/* End PBXProject section */

/* Begin PBXResourcesBuildPhase section */
		B041A827264BB8C000D83377 /* Resources */ = {
			isa = PBXResourcesBuildPhase;
			buildActionMask = 2147483647;
			files = (
				B041A834264BB8C200D83377 /* Preview Assets.xcassets in Resources */,
				B041A831264BB8C200D83377 /* Assets.xcassets in Resources */,
			);
			runOnlyForDeploymentPostprocessing = 0;
		};
/* End PBXResourcesBuildPhase section */

/* Begin PBXSourcesBuildPhase section */
		B041A825264BB8C000D83377 /* Sources */ = {
			isa = PBXSourcesBuildPhase;
			buildActionMask = 2147483647;
			files = (
				B041A840264BBFC200D83377 /* FolderListViewController.swift in Sources */,
				B041A82F264BB8C000D83377 /* ContentView.swift in Sources */,
				B041A83D264BBF8900D83377 /* ViewWrapper.swift in Sources */,
				B041A82D264BB8C000D83377 /* TreeDemoApp.swift in Sources */,
			);
			runOnlyForDeploymentPostprocessing = 0;
		};
/* End PBXSourcesBuildPhase section */

/* Begin XCBuildConfiguration section */
		B041A836264BB8C200D83377 /* Debug */ = {
			isa = XCBuildConfiguration;
			buildSettings = {
				ALWAYS_SEARCH_USER_PATHS = NO;
				CLANG_ANALYZER_NONNULL = YES;
				CLANG_ANALYZER_NUMBER_OBJECT_CONVERSION = YES_AGGRESSIVE;
				CLANG_CXX_LANGUAGE_STANDARD = "gnu++14";
				CLANG_CXX_LIBRARY = "libc++";
				CLANG_ENABLE_MODULES = YES;
				CLANG_ENABLE_OBJC_ARC = YES;
				CLANG_ENABLE_OBJC_WEAK = YES;
				CLANG_WARN_BLOCK_CAPTURE_AUTORELEASING = YES;
				CLANG_WARN_BOOL_CONVERSION = YES;
				CLANG_WARN_COMMA = YES;
				CLANG_WARN_CONSTANT_CONVERSION = YES;
				CLANG_WARN_DEPRECATED_OBJC_IMPLEMENTATIONS = YES;
				CLANG_WARN_DIRECT_OBJC_ISA_USAGE = YES_ERROR;
				CLANG_WARN_DOCUMENTATION_COMMENTS = YES;
				CLANG_WARN_EMPTY_BODY = YES;
				CLANG_WARN_ENUM_CONVERSION = YES;
				CLANG_WARN_INFINITE_RECURSION = YES;
				CLANG_WARN_INT_CONVERSION = YES;
				CLANG_WARN_NON_LITERAL_NULL_CONVERSION = YES;
				CLANG_WARN_OBJC_IMPLICIT_RETAIN_SELF = YES;
				CLANG_WARN_OBJC_LITERAL_CONVERSION = YES;
				CLANG_WARN_OBJC_ROOT_CLASS = YES_ERROR;
				CLANG_WARN_QUOTED_INCLUDE_IN_FRAMEWORK_HEADER = YES;
				CLANG_WARN_RANGE_LOOP_ANALYSIS = YES;
				CLANG_WARN_STRICT_PROTOTYPES = YES;
				CLANG_WARN_SUSPICIOUS_MOVE = YES;
				CLANG_WARN_UNGUARDED_AVAILABILITY = YES_AGGRESSIVE;
				CLANG_WARN_UNREACHABLE_CODE = YES;
				CLANG_WARN__DUPLICATE_METHOD_MATCH = YES;
				COPY_PHASE_STRIP = NO;
				DEBUG_INFORMATION_FORMAT = dwarf;
				ENABLE_STRICT_OBJC_MSGSEND = YES;
				ENABLE_TESTABILITY = YES;
				GCC_C_LANGUAGE_STANDARD = gnu11;
				GCC_DYNAMIC_NO_PIC = NO;
				GCC_NO_COMMON_BLOCKS = YES;
				GCC_OPTIMIZATION_LEVEL = 0;
				GCC_PREPROCESSOR_DEFINITIONS = (
					"DEBUG=1",
					"$(inherited)",
				);
				GCC_WARN_64_TO_32_BIT_CONVERSION = YES;
				GCC_WARN_ABOUT_RETURN_TYPE = YES_ERROR;
				GCC_WARN_UNDECLARED_SELECTOR = YES;
				GCC_WARN_UNINITIALIZED_AUTOS = YES_AGGRESSIVE;
				GCC_WARN_UNUSED_FUNCTION = YES;
				GCC_WARN_UNUSED_VARIABLE = YES;
				IPHONEOS_DEPLOYMENT_TARGET = 14.5;
				MTL_ENABLE_DEBUG_INFO = INCLUDE_SOURCE;
				MTL_FAST_MATH = YES;
				ONLY_ACTIVE_ARCH = YES;
				SDKROOT = iphoneos;
				SWIFT_ACTIVE_COMPILATION_CONDITIONS = DEBUG;
				SWIFT_OPTIMIZATION_LEVEL = "-Onone";
			};
			name = Debug;
		};
		B041A837264BB8C200D83377 /* Release */ = {
			isa = XCBuildConfiguration;
			buildSettings = {
				ALWAYS_SEARCH_USER_PATHS = NO;
				CLANG_ANALYZER_NONNULL = YES;
				CLANG_ANALYZER_NUMBER_OBJECT_CONVERSION = YES_AGGRESSIVE;
				CLANG_CXX_LANGUAGE_STANDARD = "gnu++14";
				CLANG_CXX_LIBRARY = "libc++";
				CLANG_ENABLE_MODULES = YES;
				CLANG_ENABLE_OBJC_ARC = YES;
				CLANG_ENABLE_OBJC_WEAK = YES;
				CLANG_WARN_BLOCK_CAPTURE_AUTORELEASING = YES;
				CLANG_WARN_BOOL_CONVERSION = YES;
				CLANG_WARN_COMMA = YES;
				CLANG_WARN_CONSTANT_CONVERSION = YES;
				CLANG_WARN_DEPRECATED_OBJC_IMPLEMENTATIONS = YES;
				CLANG_WARN_DIRECT_OBJC_ISA_USAGE = YES_ERROR;
				CLANG_WARN_DOCUMENTATION_COMMENTS = YES;
				CLANG_WARN_EMPTY_BODY = YES;
				CLANG_WARN_ENUM_CONVERSION = YES;
				CLANG_WARN_INFINITE_RECURSION = YES;
				CLANG_WARN_INT_CONVERSION = YES;
				CLANG_WARN_NON_LITERAL_NULL_CONVERSION = YES;
				CLANG_WARN_OBJC_IMPLICIT_RETAIN_SELF = YES;
				CLANG_WARN_OBJC_LITERAL_CONVERSION = YES;
				CLANG_WARN_OBJC_ROOT_CLASS = YES_ERROR;
				CLANG_WARN_QUOTED_INCLUDE_IN_FRAMEWORK_HEADER = YES;
				CLANG_WARN_RANGE_LOOP_ANALYSIS = YES;
				CLANG_WARN_STRICT_PROTOTYPES = YES;
				CLANG_WARN_SUSPICIOUS_MOVE = YES;
				CLANG_WARN_UNGUARDED_AVAILABILITY = YES_AGGRESSIVE;
				CLANG_WARN_UNREACHABLE_CODE = YES;
				CLANG_WARN__DUPLICATE_METHOD_MATCH = YES;
				COPY_PHASE_STRIP = NO;
				DEBUG_INFORMATION_FORMAT = "dwarf-with-dsym";
				ENABLE_NS_ASSERTIONS = NO;
				ENABLE_STRICT_OBJC_MSGSEND = YES;
				GCC_C_LANGUAGE_STANDARD = gnu11;
				GCC_NO_COMMON_BLOCKS = YES;
				GCC_WARN_64_TO_32_BIT_CONVERSION = YES;
				GCC_WARN_ABOUT_RETURN_TYPE = YES_ERROR;
				GCC_WARN_UNDECLARED_SELECTOR = YES;
				GCC_WARN_UNINITIALIZED_AUTOS = YES_AGGRESSIVE;
				GCC_WARN_UNUSED_FUNCTION = YES;
				GCC_WARN_UNUSED_VARIABLE = YES;
				IPHONEOS_DEPLOYMENT_TARGET = 14.5;
				MTL_ENABLE_DEBUG_INFO = NO;
				MTL_FAST_MATH = YES;
				SDKROOT = iphoneos;
				SWIFT_COMPILATION_MODE = wholemodule;
				SWIFT_OPTIMIZATION_LEVEL = "-O";
				VALIDATE_PRODUCT = YES;
			};
			name = Release;
		};
		B041A839264BB8C200D83377 /* Debug */ = {
			isa = XCBuildConfiguration;
			buildSettings = {
				ASSETCATALOG_COMPILER_APPICON_NAME = AppIcon;
				ASSETCATALOG_COMPILER_GLOBAL_ACCENT_COLOR_NAME = AccentColor;
				CODE_SIGN_STYLE = Automatic;
				DEVELOPMENT_ASSET_PATHS = "\"TreeDemo/Preview Content\"";
				DEVELOPMENT_TEAM = HLDMS4HSVA;
				ENABLE_PREVIEWS = YES;
				INFOPLIST_FILE = TreeDemo/Info.plist;
				IPHONEOS_DEPLOYMENT_TARGET = 14.0;
				LD_RUNPATH_SEARCH_PATHS = (
					"$(inherited)",
					"@executable_path/Frameworks",
				);
				PRODUCT_BUNDLE_IDENTIFIER = com.royite.TreeDemo;
				PRODUCT_NAME = "$(TARGET_NAME)";
				SWIFT_VERSION = 5.0;
				TARGETED_DEVICE_FAMILY = "1,2";
			};
			name = Debug;
		};
		B041A83A264BB8C200D83377 /* Release */ = {
			isa = XCBuildConfiguration;
			buildSettings = {
				ASSETCATALOG_COMPILER_APPICON_NAME = AppIcon;
				ASSETCATALOG_COMPILER_GLOBAL_ACCENT_COLOR_NAME = AccentColor;
				CODE_SIGN_STYLE = Automatic;
				DEVELOPMENT_ASSET_PATHS = "\"TreeDemo/Preview Content\"";
				DEVELOPMENT_TEAM = HLDMS4HSVA;
				ENABLE_PREVIEWS = YES;
				INFOPLIST_FILE = TreeDemo/Info.plist;
				IPHONEOS_DEPLOYMENT_TARGET = 14.0;
				LD_RUNPATH_SEARCH_PATHS = (
					"$(inherited)",
					"@executable_path/Frameworks",
				);
				PRODUCT_BUNDLE_IDENTIFIER = com.royite.TreeDemo;
				PRODUCT_NAME = "$(TARGET_NAME)";
				SWIFT_VERSION = 5.0;
				TARGETED_DEVICE_FAMILY = "1,2";
			};
			name = Release;
		};
/* End XCBuildConfiguration section */

/* Begin XCConfigurationList section */
		B041A824264BB8C000D83377 /* Build configuration list for PBXProject "TreeDemo" */ = {
			isa = XCConfigurationList;
			buildConfigurations = (
				B041A836264BB8C200D83377 /* Debug */,
				B041A837264BB8C200D83377 /* Release */,
			);
			defaultConfigurationIsVisible = 0;
			defaultConfigurationName = Release;
		};
		B041A838264BB8C200D83377 /* Build configuration list for PBXNativeTarget "TreeDemo" */ = {
			isa = XCConfigurationList;
			buildConfigurations = (
				B041A839264BB8C200D83377 /* Debug */,
				B041A83A264BB8C200D83377 /* Release */,
			);
			defaultConfigurationIsVisible = 0;
			defaultConfigurationName = Release;
		};
/* End XCConfigurationList section */

/* Begin XCRemoteSwiftPackageReference section */
		B041A844264BC0A900D83377 /* XCRemoteSwiftPackageReference "RLayoutKit" */ = {
			isa = XCRemoteSwiftPackageReference;
			repositoryURL = "git@github.com:royit/RLayoutKit.git";
			requirement = {
				kind = upToNextMajorVersion;
				minimumVersion = 0.4.1;
			};
		};
/* End XCRemoteSwiftPackageReference section */

/* Begin XCSwiftPackageProductDependency section */
		B041A842264BBFE100D83377 /* Tree */ = {
			isa = XCSwiftPackageProductDependency;
			productName = Tree;
		};
		B041A845264BC0A900D83377 /* RLayoutKit */ = {
			isa = XCSwiftPackageProductDependency;
			package = B041A844264BC0A900D83377 /* XCRemoteSwiftPackageReference "RLayoutKit" */;
			productName = RLayoutKit;
		};
/* End XCSwiftPackageProductDependency section */
	};
	rootObject = B041A821264BB8C000D83377 /* Project object */;
}
